
Microsoft Visual Studio Solution File, Format Version 12.00
# Visual Studio Version 17
VisualStudioVersion = 17.11.35327.3
MinimumVisualStudioVersion = 10.0.40219.1
Project("{FAE04EC0-301F-11D3-BF4B-00C04F79EFBC}") = "WaveFileGenerator", "WaveFileGenerator\WaveFileGenerator.csproj", "{5E55A544-84D6-45C1-9D2C-2D17CBCA7DAB}"
EndProject
Project("{FAE04EC0-301F-11D3-BF4B-00C04F79EFBC}") = "WaveFileGeneratorTests", "WaveFileGeneratorTests\WaveFileGeneratorTests.csproj", "{FC6BBA55-112F-4DDA-8E82-7898F7631656}"
EndProject
Global
	GlobalSection(SolutionConfigurationPlatforms) = preSolution
		Debug|Any CPU = Debug|Any CPU
		Release|Any CPU = Release|Any CPU
	EndGlobalSection
	GlobalSection(ProjectConfigurationPlatforms) = postSolution
		{5E55A544-84D6-45C1-9D2C-2D17CBCA7DAB}.Debug|Any CPU.ActiveCfg = Debug|Any CPU
		{5E55A544-84D6-45C1-9D2C-2D17CBCA7DAB}.Debug|Any CPU.Build.0 = Debug|Any CPU
		{5E55A544-84D6-45C1-9D2C-2D17CBCA7DAB}.Release|Any CPU.ActiveCfg = Release|Any CPU
		{5E55A544-84D6-45C1-9D2C-2D17CBCA7DAB}.Release|Any CPU.Build.0 = Release|Any CPU
		{FC6BBA55-112F-4DDA-8E82-7898F7631656}.Debug|Any CPU.ActiveCfg = Debug|Any CPU
		{FC6BBA55-112F-4DDA-8E82-7898F7631656}.Debug|Any CPU.Build.0 = Debug|Any CPU
		{FC6BBA55-112F-4DDA-8E82-7898F7631656}.Release|Any CPU.ActiveCfg = Release|Any CPU
		{FC6BBA55-112F-4DDA-8E82-7898F7631656}.Release|Any CPU.Build.0 = Release|Any CPU
	EndGlobalSection
	GlobalSection(SolutionProperties) = preSolution
		HideSolutionNode = FALSE
	EndGlobalSection
	GlobalSection(ExtensibilityGlobals) = postSolution
		SolutionGuid = {7F195A1C-BDE2-4CD5-89A3-DA0195AE07D8}
	EndGlobalSection
EndGlobal
